{
  "projects": [
    {
      "projectId": "kS7YGZfVr6mU43XDQjXELc",
      "version": "0.16.0",
      "dependencies": {},
      "lang": "ts",
      "fileLocks": [
        {
          "assetId": "kS7YGZfVr6mU43XDQjXELc",
          "type": "projectCss",
          "checksum": "e1ec850476829c38b0f9b6d4f7ac446a"
        }
      ],
      "codegenVersion": "0.0.1"
    },
    {
      "projectId": "9Vr5YWkf3w7jj6SsTcCEta",
      "version": "0.11.0",
      "dependencies": {},
      "lang": "ts",
      "fileLocks": [
        {
          "assetId": "9Vr5YWkf3w7jj6SsTcCEta",
          "type": "projectCss",
          "checksum": "e1ec850476829c38b0f9b6d4f7ac446a"
        }
      ],
      "codegenVersion": "0.0.1"
    },
    {
      "projectId": "jkU633o1Cz7HrJdwdxhVHk",
      "version": "16.11.0",
      "dependencies": {},
      "lang": "ts",
      "fileLocks": [
        {
          "assetId": "jkU633o1Cz7HrJdwdxhVHk",
          "type": "projectCss",
          "checksum": "0581d4378bb1604bb5fe3f65bb0a37de"
        }
      ],
      "codegenVersion": "0.0.1"
    },
    {
      "projectId": "ohDidvG9XsCeFumugENU3J",
      "version": "6.26.0",
      "dependencies": {},
      "lang": "ts",
      "fileLocks": [
        {
          "assetId": "ohDidvG9XsCeFumugENU3J",
          "type": "projectCss",
          "checksum": "fd83b730367fdbde2c69bc6cf31c2a3c"
        },
        {
          "assetId": "ohDidvG9XsCeFumugENU3J",
          "checksum": "de0a0e65174a6a185a8f822af51c6bdd",
          "type": "globalContexts"
        }
      ],
      "codegenVersion": "0.0.1"
    },
    {
      "projectId": "3Bw6X8Yi7kGZob8R7n5SZE",
      "version": "latest",
      "dependencies": {
        "ohDidvG9XsCeFumugENU3J": "6.26.0",
        "jkU633o1Cz7HrJdwdxhVHk": "16.11.0",
        "9Vr5YWkf3w7jj6SsTcCEta": "0.11.0",
        "kS7YGZfVr6mU43XDQjXELc": "0.16.0"
      },
      "lang": "ts",
      "fileLocks": [
        {
          "type": "globalVariant",
          "assetId": "m9JOBvdkqf0e",
          "checksum": "b23d6934daade77af32b88856ca56a00"
        },
        {
          "assetId": "3Bw6X8Yi7kGZob8R7n5SZE",
          "type": "projectCss",
          "checksum": "66caccc80054036cc5ed0fdd3d3b41dc"
        },
        {
          "assetId": "3Bw6X8Yi7kGZob8R7n5SZE",
          "checksum": "2ec894391aaf9ca08c17fd528f2a218f",
          "type": "globalContexts"
        },
        {
          "type": "renderModule",
          "assetId": "jz2f3s_iZv6d",
          "checksum": "fb7b9ee2b79aad0494cf328749c28c47"
        },
        {
          "type": "cssRules",
          "assetId": "jz2f3s_iZv6d",
          "checksum": "fb7b9ee2b79aad0494cf328749c28c47"
        },
        {
          "type": "renderModule",
          "assetId": "O0Buw3gewmJp",
          "checksum": "457bda59f414ba91a2d9374b9d986637"
        },
        {
          "type": "cssRules",
          "assetId": "O0Buw3gewmJp",
          "checksum": "457bda59f414ba91a2d9374b9d986637"
        },
        {
          "type": "renderModule",
          "assetId": "ZDvaXRwd37ef",
          "checksum": "8642ca305a46edff4fd59a932fbdc1e3"
        },
        {
          "type": "cssRules",
          "assetId": "ZDvaXRwd37ef",
          "checksum": "8642ca305a46edff4fd59a932fbdc1e3"
        },
        {
          "type": "renderModule",
          "assetId": "FLVnjMFlU3ZY",
          "checksum": "cf1da729579abade59f825ccfc5a4792"
        },
        {
          "type": "cssRules",
          "assetId": "FLVnjMFlU3ZY",
          "checksum": "cf1da729579abade59f825ccfc5a4792"
        },
        {
          "type": "renderModule",
          "assetId": "1EIcL4oL9Bi6",
          "checksum": "131a132705ae8f76f09dad1c1d069273"
        },
        {
          "type": "cssRules",
          "assetId": "1EIcL4oL9Bi6",
          "checksum": "131a132705ae8f76f09dad1c1d069273"
        },
        {
          "type": "renderModule",
          "assetId": "o3VjDaLEHYR6",
          "checksum": "47e3f67a29b6a100c5f2668c4f29edcb"
        },
        {
          "type": "cssRules",
          "assetId": "o3VjDaLEHYR6",
          "checksum": "47e3f67a29b6a100c5f2668c4f29edcb"
        },
        {
          "type": "renderModule",
          "assetId": "C7V6pQQ1laGo",
          "checksum": "7840a1f15b9585354d19025b30942e98"
        },
        {
          "type": "cssRules",
          "assetId": "C7V6pQQ1laGo",
          "checksum": "7840a1f15b9585354d19025b30942e98"
        },
        {
          "type": "renderModule",
          "assetId": "8NCO1Wn-VoY8",
          "checksum": "840ee306b2e22103b2655e55f6f99b7b"
        },
        {
          "type": "cssRules",
          "assetId": "8NCO1Wn-VoY8",
          "checksum": "840ee306b2e22103b2655e55f6f99b7b"
        },
        {
          "type": "icon",
          "assetId": "7CgJEFYx-rPB",
          "checksum": "3825a4410843b2d751f155da41d3723a"
        },
        {
          "type": "icon",
          "assetId": "MKD47g7HjJ27",
          "checksum": "3552f4017030f24ad11607211ff03803"
        },
        {
          "type": "image",
          "assetId": "mnBuVr5_Angx",
          "checksum": "6d85b04d80e030b2e5520bdd769fcd93"
        },
        {
          "type": "image",
          "assetId": "D3B3i2Yv4cHh",
          "checksum": "502f5f6534426c21e839bd0f9729399f"
        },
        {
          "type": "image",
          "assetId": "1BOJDtq3egwe",
          "checksum": "5034227866fb10957e36f66bdabda79a"
        },
        {
          "type": "image",
          "assetId": "7D1odg5IdTzA",
          "checksum": "ff2db7b5cbe06becd6d2f37db654b8b6"
        },
        {
          "type": "image",
          "assetId": "gLannlcc8Xvh",
          "checksum": "b194e69989655b0b2ea95f9f18868727"
        },
        {
          "type": "image",
          "assetId": "tY4KInASTPZS",
          "checksum": "b9c05d7555fedd45624d6335ac78c5cc"
        },
        {
          "type": "image",
          "assetId": "xACx2Kiv_XmI",
          "checksum": "4eb22447d80afcf4784462b3f8ee99f0"
        },
        {
          "type": "image",
          "assetId": "-3V7mOBqOG1p",
          "checksum": "2359acab37acf96092fd7c9ab6fa375a"
        },
        {
          "type": "image",
          "assetId": "DcYRnhPJhCJV",
          "checksum": "292c4875b5b2bf546759d40db8fb758e"
        },
        {
          "type": "image",
          "assetId": "aS2bMfhisZQ5",
          "checksum": "001595aef48d1ced319443a5ea209746"
        },
        {
          "type": "image",
          "assetId": "24fKNP5IK3fe",
          "checksum": "3cf0c1c10c6d1260e04c6d6f377cee1b"
        },
        {
          "type": "image",
          "assetId": "w8pQTg2_DeYf",
          "checksum": "c5b1a1eb4ae49d0ee6f3d5c311a49613"
        },
        {
          "type": "image",
          "assetId": "t1sTBGC2Zn5P",
          "checksum": "28e828af2b565c958b1c0dcc95902e41"
        },
        {
          "type": "image",
          "assetId": "ui-dCMSM2yTx",
          "checksum": "870ff5bc54636c5c142018bb4a80a5b3"
        },
        {
          "type": "image",
          "assetId": "wi1KQcFjMy-V",
          "checksum": "8220adb88fdacb74abe3294c47fdd307"
        },
        {
          "type": "image",
          "assetId": "-Cy2cq4BzmgB",
          "checksum": "7badbd0b05458a6f86a880e418162585"
        }
      ],
      "codegenVersion": "0.0.1"
    }
  ],
  "cliVersion": "0.1.334"
}
